
Microsoft Visual Studio Solution File, Format Version 12.00
# Visual Studio Version 16
VisualStudioVersion = 16.0.30804.86
MinimumVisualStudioVersion = 10.0.40219.1
Project("{FAE04EC0-301F-11D3-BF4B-00C04F79EFBC}") = "WebApplication1", "WebApplication1.csproj", "{5F1A173C-CCEF-499B-A686-A49BF4174D84}"
EndProject
Project("{9A19103F-16F7-4668-BE54-9A1E7A4F7556}") = "ClassLibrary1", "..\ClassLibrary1\ClassLibrary1.csproj", "{A5566BAB-E202-467B-9FF2-A302A855693E}"
EndProject
Project("{FAE04EC0-301F-11D3-BF4B-00C04F79EFBC}") = "UnitTestProject1", "..\UnitTestProject1\UnitTestProject1.csproj", "{23BB925A-29DF-4D17-8876-B4DA67DBD203}"
EndProject
Global
	GlobalSection(SolutionConfigurationPlatforms) = preSolution
		Debug|Any CPU = Debug|Any CPU
		Release|Any CPU = Release|Any CPU
	EndGlobalSection
	GlobalSection(ProjectConfigurationPlatforms) = postSolution
		{5F1A173C-CCEF-499B-A686-A49BF4174D84}.Debug|Any CPU.ActiveCfg = Debug|Any CPU
		{5F1A173C-CCEF-499B-A686-A49BF4174D84}.Debug|Any CPU.Build.0 = Debug|Any CPU
		{5F1A173C-CCEF-499B-A686-A49BF4174D84}.Release|Any CPU.ActiveCfg = Release|Any CPU
		{5F1A173C-CCEF-499B-A686-A49BF4174D84}.Release|Any CPU.Build.0 = Release|Any CPU
		{A5566BAB-E202-467B-9FF2-A302A855693E}.Debug|Any CPU.ActiveCfg = Debug|Any CPU
		{A5566BAB-E202-467B-9FF2-A302A855693E}.Debug|Any CPU.Build.0 = Debug|Any CPU
		{A5566BAB-E202-467B-9FF2-A302A855693E}.Release|Any CPU.ActiveCfg = Release|Any CPU
		{A5566BAB-E202-467B-9FF2-A302A855693E}.Release|Any CPU.Build.0 = Release|Any CPU
		{23BB925A-29DF-4D17-8876-B4DA67DBD203}.Debug|Any CPU.ActiveCfg = Debug|Any CPU
		{23BB925A-29DF-4D17-8876-B4DA67DBD203}.Debug|Any CPU.Build.0 = Debug|Any CPU
		{23BB925A-29DF-4D17-8876-B4DA67DBD203}.Release|Any CPU.ActiveCfg = Release|Any CPU
		{23BB925A-29DF-4D17-8876-B4DA67DBD203}.Release|Any CPU.Build.0 = Release|Any CPU
	EndGlobalSection
	GlobalSection(SolutionProperties) = preSolution
		HideSolutionNode = FALSE
	EndGlobalSection
	GlobalSection(ExtensibilityGlobals) = postSolution
		SolutionGuid = {F83EC7B6-36B8-4A4A-84FC-54C9F40C00BE}
	EndGlobalSection
EndGlobal
